
Microsoft Visual Studio Solution File, Format Version 12.00
Project("{FAE04EC0-301F-11D3-BF4B-00C04F79EFBC}") = "CoinbaseClient", "CoinbaseClient.csproj", "{A00E0A17-EA98-40ED-AD49-5050E76F3AD4}"
EndProject
Global
	GlobalSection(SolutionConfigurationPlatforms) = preSolution
		Debug|Any CPU = Debug|Any CPU
		Release|Any CPU = Release|Any CPU
	EndGlobalSection
	GlobalSection(ProjectConfigurationPlatforms) = postSolution
		{A00E0A17-EA98-40ED-AD49-5050E76F3AD4}.Debug|Any CPU.ActiveCfg = Debug|Any CPU
		{A00E0A17-EA98-40ED-AD49-5050E76F3AD4}.Debug|Any CPU.Build.0 = Debug|Any CPU
		{A00E0A17-EA98-40ED-AD49-5050E76F3AD4}.Release|Any CPU.ActiveCfg = Release|Any CPU
		{A00E0A17-EA98-40ED-AD49-5050E76F3AD4}.Release|Any CPU.Build.0 = Release|Any CPU
	EndGlobalSection
EndGlobal
